
Microsoft Visual Studio Solution File, Format Version 12.00
Project("{FAE04EC0-301F-11D3-BF4B-00C04F79EFBC}") = "CifernySoucetCisla_mat12", "CifernySoucetCisla_mat12\CifernySoucetCisla_mat12.csproj", "{DEC7EA64-4B3F-4095-8E91-A474ADDDB16B}"
EndProject
Global
	GlobalSection(SolutionConfigurationPlatforms) = preSolution
		Debug|Any CPU = Debug|Any CPU
		Release|Any CPU = Release|Any CPU
	EndGlobalSection
	GlobalSection(ProjectConfigurationPlatforms) = postSolution
		{DEC7EA64-4B3F-4095-8E91-A474ADDDB16B}.Debug|Any CPU.ActiveCfg = Debug|Any CPU
		{DEC7EA64-4B3F-4095-8E91-A474ADDDB16B}.Debug|Any CPU.Build.0 = Debug|Any CPU
		{DEC7EA64-4B3F-4095-8E91-A474ADDDB16B}.Release|Any CPU.ActiveCfg = Release|Any CPU
		{DEC7EA64-4B3F-4095-8E91-A474ADDDB16B}.Release|Any CPU.Build.0 = Release|Any CPU
	EndGlobalSection
EndGlobal
