
Microsoft Visual Studio Solution File, Format Version 12.00
Project("{FAE04EC0-301F-11D3-BF4B-00C04F79EFBC}") = "CetnostA_mat5", "CetnostA_mat5\CetnostA_mat5.csproj", "{149904DE-1C00-4E58-9D5A-48716E45E456}"
EndProject
Global
	GlobalSection(SolutionConfigurationPlatforms) = preSolution
		Debug|Any CPU = Debug|Any CPU
		Release|Any CPU = Release|Any CPU
	EndGlobalSection
	GlobalSection(ProjectConfigurationPlatforms) = postSolution
		{149904DE-1C00-4E58-9D5A-48716E45E456}.Debug|Any CPU.ActiveCfg = Debug|Any CPU
		{149904DE-1C00-4E58-9D5A-48716E45E456}.Debug|Any CPU.Build.0 = Debug|Any CPU
		{149904DE-1C00-4E58-9D5A-48716E45E456}.Release|Any CPU.ActiveCfg = Release|Any CPU
		{149904DE-1C00-4E58-9D5A-48716E45E456}.Release|Any CPU.Build.0 = Release|Any CPU
	EndGlobalSection
EndGlobal
