
Microsoft Visual Studio Solution File, Format Version 12.00
Project("{FAE04EC0-301F-11D3-BF4B-00C04F79EFBC}") = "Prvocisla_mat", "Prvocisla_mat\Prvocisla_mat.csproj", "{07746C4E-4008-43C9-B415-C81C1F35517D}"
EndProject
Global
	GlobalSection(SolutionConfigurationPlatforms) = preSolution
		Debug|Any CPU = Debug|Any CPU
		Release|Any CPU = Release|Any CPU
	EndGlobalSection
	GlobalSection(ProjectConfigurationPlatforms) = postSolution
		{07746C4E-4008-43C9-B415-C81C1F35517D}.Debug|Any CPU.ActiveCfg = Debug|Any CPU
		{07746C4E-4008-43C9-B415-C81C1F35517D}.Debug|Any CPU.Build.0 = Debug|Any CPU
		{07746C4E-4008-43C9-B415-C81C1F35517D}.Release|Any CPU.ActiveCfg = Release|Any CPU
		{07746C4E-4008-43C9-B415-C81C1F35517D}.Release|Any CPU.Build.0 = Release|Any CPU
	EndGlobalSection
EndGlobal
