
Microsoft Visual Studio Solution File, Format Version 12.00
Project("{FAE04EC0-301F-11D3-BF4B-00C04F79EFBC}") = "faktorial_mat10", "faktorial_mat10\faktorial_mat10.csproj", "{4D41CE31-EBFB-4233-B11F-D9DFB1AB44D5}"
EndProject
Global
	GlobalSection(SolutionConfigurationPlatforms) = preSolution
		Debug|Any CPU = Debug|Any CPU
		Release|Any CPU = Release|Any CPU
	EndGlobalSection
	GlobalSection(ProjectConfigurationPlatforms) = postSolution
		{4D41CE31-EBFB-4233-B11F-D9DFB1AB44D5}.Debug|Any CPU.ActiveCfg = Debug|Any CPU
		{4D41CE31-EBFB-4233-B11F-D9DFB1AB44D5}.Debug|Any CPU.Build.0 = Debug|Any CPU
		{4D41CE31-EBFB-4233-B11F-D9DFB1AB44D5}.Release|Any CPU.ActiveCfg = Release|Any CPU
		{4D41CE31-EBFB-4233-B11F-D9DFB1AB44D5}.Release|Any CPU.Build.0 = Release|Any CPU
	EndGlobalSection
EndGlobal
